// !$*UTF8*$!
{
	archiveVersion = 1;
	classes = {
	};
	objectVersion = 56;
	objects = {

/* Begin PBXBuildFile section */
		ED1818CA2A91ACC1006152F4 /* CircleImage.swift in Sources */ = {isa = PBXBuildFile; fileRef = ED1818C92A91ACC1006152F4 /* CircleImage.swift */; };
		ED1818CC2A91AD6C006152F4 /* MapView.swift in Sources */ = {isa = PBXBuildFile; fileRef = ED1818CB2A91AD6C006152F4 /* MapView.swift */; };
		ED8746232AA4E00C00B172D8 /* FavoriteButton.swift in Sources */ = {isa = PBXBuildFile; fileRef = ED8746222AA4E00C00B172D8 /* FavoriteButton.swift */; };
		EDA086EC2A87EECF00B439E2 /* landmarksApp.swift in Sources */ = {isa = PBXBuildFile; fileRef = EDA086EB2A87EECF00B439E2 /* landmarksApp.swift */; };
		EDA086EE2A87EECF00B439E2 /* ContentView.swift in Sources */ = {isa = PBXBuildFile; fileRef = EDA086ED2A87EECF00B439E2 /* ContentView.swift */; };
		EDA086F02A87EED000B439E2 /* Assets.xcassets in Resources */ = {isa = PBXBuildFile; fileRef = EDA086EF2A87EED000B439E2 /* Assets.xcassets */; };
		EDA086F32A87EED000B439E2 /* Preview Assets.xcassets in Resources */ = {isa = PBXBuildFile; fileRef = EDA086F22A87EED000B439E2 /* Preview Assets.xcassets */; };
		EDA086FD2A87EED000B439E2 /* landmarksTests.swift in Sources */ = {isa = PBXBuildFile; fileRef = EDA086FC2A87EED000B439E2 /* landmarksTests.swift */; };
		EDA087072A87EED000B439E2 /* landmarksUITests.swift in Sources */ = {isa = PBXBuildFile; fileRef = EDA087062A87EED000B439E2 /* landmarksUITests.swift */; };
		EDA087092A87EED000B439E2 /* landmarksUITestsLaunchTests.swift in Sources */ = {isa = PBXBuildFile; fileRef = EDA087082A87EED000B439E2 /* landmarksUITestsLaunchTests.swift */; };
		EDC474342A9D6223002B3D41 /* Landmark.swift in Sources */ = {isa = PBXBuildFile; fileRef = EDC474332A9D6223002B3D41 /* Landmark.swift */; };
		EDC474362A9D71FE002B3D41 /* ModelData.swift in Sources */ = {isa = PBXBuildFile; fileRef = EDC474352A9D71FE002B3D41 /* ModelData.swift */; };
		EDC4743D2A9D7563002B3D41 /* LandmarkRow.swift in Sources */ = {isa = PBXBuildFile; fileRef = EDC4743C2A9D7563002B3D41 /* LandmarkRow.swift */; };
		EDC4743F2A9D767A002B3D41 /* landmarkData.json in Resources */ = {isa = PBXBuildFile; fileRef = EDC4743E2A9D767A002B3D41 /* landmarkData.json */; };
		EDC474412A9D7A8E002B3D41 /* LandmarkList.swift in Sources */ = {isa = PBXBuildFile; fileRef = EDC474402A9D7A8E002B3D41 /* LandmarkList.swift */; };
		EDC474432A9D80BD002B3D41 /* LandmarkDetail.swift in Sources */ = {isa = PBXBuildFile; fileRef = EDC474422A9D80BD002B3D41 /* LandmarkDetail.swift */; };
/* End PBXBuildFile section */

/* Begin PBXContainerItemProxy section */
		EDA086F92A87EED000B439E2 /* PBXContainerItemProxy */ = {
			isa = PBXContainerItemProxy;
			containerPortal = EDA086E02A87EECF00B439E2 /* Project object */;
			proxyType = 1;
			remoteGlobalIDString = EDA086E72A87EECF00B439E2;
			remoteInfo = landmarks;
		};
		EDA087032A87EED000B439E2 /* PBXContainerItemProxy */ = {
			isa = PBXContainerItemProxy;
			containerPortal = EDA086E02A87EECF00B439E2 /* Project object */;
			proxyType = 1;
			remoteGlobalIDString = EDA086E72A87EECF00B439E2;
			remoteInfo = landmarks;
		};
/* End PBXContainerItemProxy section */

/* Begin PBXFileReference section */
		ED1818C92A91ACC1006152F4 /* CircleImage.swift */ = {isa = PBXFileReference; lastKnownFileType = sourcecode.swift; path = CircleImage.swift; sourceTree = "<group>"; };
		ED1818CB2A91AD6C006152F4 /* MapView.swift */ = {isa = PBXFileReference; lastKnownFileType = sourcecode.swift; path = MapView.swift; sourceTree = "<group>"; };
		ED8746222AA4E00C00B172D8 /* FavoriteButton.swift */ = {isa = PBXFileReference; lastKnownFileType = sourcecode.swift; path = FavoriteButton.swift; sourceTree = "<group>"; };
		EDA086E82A87EECF00B439E2 /* landmarks.app */ = {isa = PBXFileReference; explicitFileType = wrapper.application; includeInIndex = 0; path = landmarks.app; sourceTree = BUILT_PRODUCTS_DIR; };
		EDA086EB2A87EECF00B439E2 /* landmarksApp.swift */ = {isa = PBXFileReference; lastKnownFileType = sourcecode.swift; path = landmarksApp.swift; sourceTree = "<group>"; };
		EDA086ED2A87EECF00B439E2 /* ContentView.swift */ = {isa = PBXFileReference; lastKnownFileType = sourcecode.swift; path = ContentView.swift; sourceTree = "<group>"; };
		EDA086EF2A87EED000B439E2 /* Assets.xcassets */ = {isa = PBXFileReference; lastKnownFileType = folder.assetcatalog; path = Assets.xcassets; sourceTree = "<group>"; };
		EDA086F22A87EED000B439E2 /* Preview Assets.xcassets */ = {isa = PBXFileReference; lastKnownFileType = folder.assetcatalog; path = "Preview Assets.xcassets"; sourceTree = "<group>"; };
		EDA086F82A87EED000B439E2 /* landmarksTests.xctest */ = {isa = PBXFileReference; explicitFileType = wrapper.cfbundle; includeInIndex = 0; path = landmarksTests.xctest; sourceTree = BUILT_PRODUCTS_DIR; };
		EDA086FC2A87EED000B439E2 /* landmarksTests.swift */ = {isa = PBXFileReference; lastKnownFileType = sourcecode.swift; path = landmarksTests.swift; sourceTree = "<group>"; };
		EDA087022A87EED000B439E2 /* landmarksUITests.xctest */ = {isa = PBXFileReference; explicitFileType = wrapper.cfbundle; includeInIndex = 0; path = landmarksUITests.xctest; sourceTree = BUILT_PRODUCTS_DIR; };
		EDA087062A87EED000B439E2 /* landmarksUITests.swift */ = {isa = PBXFileReference; lastKnownFileType = sourcecode.swift; path = landmarksUITests.swift; sourceTree = "<group>"; };
		EDA087082A87EED000B439E2 /* landmarksUITestsLaunchTests.swift */ = {isa = PBXFileReference; lastKnownFileType = sourcecode.swift; path = landmarksUITestsLaunchTests.swift; sourceTree = "<group>"; };
		EDC474332A9D6223002B3D41 /* Landmark.swift */ = {isa = PBXFileReference; lastKnownFileType = sourcecode.swift; path = Landmark.swift; sourceTree = "<group>"; };
		EDC474352A9D71FE002B3D41 /* ModelData.swift */ = {isa = PBXFileReference; lastKnownFileType = sourcecode.swift; path = ModelData.swift; sourceTree = "<group>"; };
		EDC4743C2A9D7563002B3D41 /* LandmarkRow.swift */ = {isa = PBXFileReference; lastKnownFileType = sourcecode.swift; path = LandmarkRow.swift; sourceTree = "<group>"; };
		EDC4743E2A9D767A002B3D41 /* landmarkData.json */ = {isa = PBXFileReference; fileEncoding = 4; lastKnownFileType = text.json; path = landmarkData.json; sourceTree = "<group>"; };
		EDC474402A9D7A8E002B3D41 /* LandmarkList.swift */ = {isa = PBXFileReference; lastKnownFileType = sourcecode.swift; path = LandmarkList.swift; sourceTree = "<group>"; };
		EDC474422A9D80BD002B3D41 /* LandmarkDetail.swift */ = {isa = PBXFileReference; lastKnownFileType = sourcecode.swift; path = LandmarkDetail.swift; sourceTree = "<group>"; };
/* End PBXFileReference section */

/* Begin PBXFrameworksBuildPhase section */
		EDA086E52A87EECF00B439E2 /* Frameworks */ = {
			isa = PBXFrameworksBuildPhase;
			buildActionMask = 2147483647;
			files = (
			);
			runOnlyForDeploymentPostprocessing = 0;
		};
		EDA086F52A87EED000B439E2 /* Frameworks */ = {
			isa = PBXFrameworksBuildPhase;
			buildActionMask = 2147483647;
			files = (
			);
			runOnlyForDeploymentPostprocessing = 0;
		};
		EDA086FF2A87EED000B439E2 /* Frameworks */ = {
			isa = PBXFrameworksBuildPhase;
			buildActionMask = 2147483647;
			files = (
			);
			runOnlyForDeploymentPostprocessing = 0;
		};
/* End PBXFrameworksBuildPhase section */

/* Begin PBXGroup section */
		ED8746242AA4E2B700B172D8 /* Landmarks */ = {
			isa = PBXGroup;
			children = (
				EDC474422A9D80BD002B3D41 /* LandmarkDetail.swift */,
				EDC4743C2A9D7563002B3D41 /* LandmarkRow.swift */,
				EDC474402A9D7A8E002B3D41 /* LandmarkList.swift */,
			);
			path = Landmarks;
			sourceTree = "<group>";
		};
		ED8746252AA4E2C600B172D8 /* Helpers */ = {
			isa = PBXGroup;
			children = (
				ED1818CB2A91AD6C006152F4 /* MapView.swift */,
				ED1818C92A91ACC1006152F4 /* CircleImage.swift */,
				ED8746222AA4E00C00B172D8 /* FavoriteButton.swift */,
			);
			path = Helpers;
			sourceTree = "<group>";
		};
		EDA086DF2A87EECF00B439E2 = {
			isa = PBXGroup;
			children = (
				EDA086EA2A87EECF00B439E2 /* landmarks */,
				EDA086FB2A87EED000B439E2 /* landmarksTests */,
				EDA087052A87EED000B439E2 /* landmarksUITests */,
				EDA086E92A87EECF00B439E2 /* Products */,
			);
			sourceTree = "<group>";
		};
		EDA086E92A87EECF00B439E2 /* Products */ = {
			isa = PBXGroup;
			children = (
				EDA086E82A87EECF00B439E2 /* landmarks.app */,
				EDA086F82A87EED000B439E2 /* landmarksTests.xctest */,
				EDA087022A87EED000B439E2 /* landmarksUITests.xctest */,
			);
			name = Products;
			sourceTree = "<group>";
		};
		EDA086EA2A87EECF00B439E2 /* landmarks */ = {
			isa = PBXGroup;
			children = (
				EDC474392A9D73CC002B3D41 /* Resources */,
				EDC474382A9D73C2002B3D41 /* Model */,
				EDC474372A9D73B4002B3D41 /* Views */,
				EDA086EB2A87EECF00B439E2 /* landmarksApp.swift */,
				EDA086EF2A87EED000B439E2 /* Assets.xcassets */,
				EDA086F12A87EED000B439E2 /* Preview Content */,
			);
			path = landmarks;
			sourceTree = "<group>";
		};
		EDA086F12A87EED000B439E2 /* Preview Content */ = {
			isa = PBXGroup;
			children = (
				EDA086F22A87EED000B439E2 /* Preview Assets.xcassets */,
			);
			path = "Preview Content";
			sourceTree = "<group>";
		};
		EDA086FB2A87EED000B439E2 /* landmarksTests */ = {
			isa = PBXGroup;
			children = (
				EDA086FC2A87EED000B439E2 /* landmarksTests.swift */,
			);
			path = landmarksTests;
			sourceTree = "<group>";
		};
		EDA087052A87EED000B439E2 /* landmarksUITests */ = {
			isa = PBXGroup;
			children = (
				EDA087062A87EED000B439E2 /* landmarksUITests.swift */,
				EDA087082A87EED000B439E2 /* landmarksUITestsLaunchTests.swift */,
			);
			path = landmarksUITests;
			sourceTree = "<group>";
		};
		EDC474372A9D73B4002B3D41 /* Views */ = {
			isa = PBXGroup;
			children = (
				ED8746252AA4E2C600B172D8 /* Helpers */,
				ED8746242AA4E2B700B172D8 /* Landmarks */,
				EDA086ED2A87EECF00B439E2 /* ContentView.swift */,
			);
			path = Views;
			sourceTree = "<group>";
		};
		EDC474382A9D73C2002B3D41 /* Model */ = {
			isa = PBXGroup;
			children = (
				EDC474332A9D6223002B3D41 /* Landmark.swift */,
				EDC474352A9D71FE002B3D41 /* ModelData.swift */,
			);
			path = Model;
			sourceTree = "<group>";
		};
		EDC474392A9D73CC002B3D41 /* Resources */ = {
			isa = PBXGroup;
			children = (
				EDC4743E2A9D767A002B3D41 /* landmarkData.json */,
			);
			path = Resources;
			sourceTree = "<group>";
		};
/* End PBXGroup section */

/* Begin PBXNativeTarget section */
		EDA086E72A87EECF00B439E2 /* landmarks */ = {
			isa = PBXNativeTarget;
			buildConfigurationList = EDA0870C2A87EED000B439E2 /* Build configuration list for PBXNativeTarget "landmarks" */;
			buildPhases = (
				EDA086E42A87EECF00B439E2 /* Sources */,
				EDA086E52A87EECF00B439E2 /* Frameworks */,
				EDA086E62A87EECF00B439E2 /* Resources */,
			);
			buildRules = (
			);
			dependencies = (
			);
			name = landmarks;
			productName = landmarks;
			productReference = EDA086E82A87EECF00B439E2 /* landmarks.app */;
			productType = "com.apple.product-type.application";
		};
		EDA086F72A87EED000B439E2 /* landmarksTests */ = {
			isa = PBXNativeTarget;
			buildConfigurationList = EDA0870F2A87EED000B439E2 /* Build configuration list for PBXNativeTarget "landmarksTests" */;
			buildPhases = (
				EDA086F42A87EED000B439E2 /* Sources */,
				EDA086F52A87EED000B439E2 /* Frameworks */,
				EDA086F62A87EED000B439E2 /* Resources */,
			);
			buildRules = (
			);
			dependencies = (
				EDA086FA2A87EED000B439E2 /* PBXTargetDependency */,
			);
			name = landmarksTests;
			productName = landmarksTests;
			productReference = EDA086F82A87EED000B439E2 /* landmarksTests.xctest */;
			productType = "com.apple.product-type.bundle.unit-test";
		};
		EDA087012A87EED000B439E2 /* landmarksUITests */ = {
			isa = PBXNativeTarget;
			buildConfigurationList = EDA087122A87EED000B439E2 /* Build configuration list for PBXNativeTarget "landmarksUITests" */;
			buildPhases = (
				EDA086FE2A87EED000B439E2 /* Sources */,
				EDA086FF2A87EED000B439E2 /* Frameworks */,
				EDA087002A87EED000B439E2 /* Resources */,
			);
			buildRules = (
			);
			dependencies = (
				EDA087042A87EED000B439E2 /* PBXTargetDependency */,
			);
			name = landmarksUITests;
			productName = landmarksUITests;
			productReference = EDA087022A87EED000B439E2 /* landmarksUITests.xctest */;
			productType = "com.apple.product-type.bundle.ui-testing";
		};
/* End PBXNativeTarget section */

/* Begin PBXProject section */
		EDA086E02A87EECF00B439E2 /* Project object */ = {
			isa = PBXProject;
			attributes = {
				BuildIndependentTargetsInParallel = 1;
				LastSwiftUpdateCheck = 1430;
				LastUpgradeCheck = 1430;
				TargetAttributes = {
					EDA086E72A87EECF00B439E2 = {
						CreatedOnToolsVersion = 14.3.1;
					};
					EDA086F72A87EED000B439E2 = {
						CreatedOnToolsVersion = 14.3.1;
						TestTargetID = EDA086E72A87EECF00B439E2;
					};
					EDA087012A87EED000B439E2 = {
						CreatedOnToolsVersion = 14.3.1;
						TestTargetID = EDA086E72A87EECF00B439E2;
					};
				};
			};
			buildConfigurationList = EDA086E32A87EECF00B439E2 /* Build configuration list for PBXProject "landmarks" */;
			compatibilityVersion = "Xcode 14.0";
			developmentRegion = en;
			hasScannedForEncodings = 0;
			knownRegions = (
				en,
				Base,
			);
			mainGroup = EDA086DF2A87EECF00B439E2;
			productRefGroup = EDA086E92A87EECF00B439E2 /* Products */;
			projectDirPath = "";
			projectRoot = "";
			targets = (
				EDA086E72A87EECF00B439E2 /* landmarks */,
				EDA086F72A87EED000B439E2 /* landmarksTests */,
				EDA087012A87EED000B439E2 /* landmarksUITests */,
			);
		};
/* End PBXProject section */

/* Begin PBXResourcesBuildPhase section */
		EDA086E62A87EECF00B439E2 /* Resources */ = {
			isa = PBXResourcesBuildPhase;
			buildActionMask = 2147483647;
			files = (
				EDA086F32A87EED000B439E2 /* Preview Assets.xcassets in Resources */,
				EDA086F02A87EED000B439E2 /* Assets.xcassets in Resources */,
				EDC4743F2A9D767A002B3D41 /* landmarkData.json in Resources */,
			);
			runOnlyForDeploymentPostprocessing = 0;
		};
		EDA086F62A87EED000B439E2 /* Resources */ = {
			isa = PBXResourcesBuildPhase;
			buildActionMask = 2147483647;
			files = (
			);
			runOnlyForDeploymentPostprocessing = 0;
		};
		EDA087002A87EED000B439E2 /* Resources */ = {
			isa = PBXResourcesBuildPhase;
			buildActionMask = 2147483647;
			files = (
			);
			runOnlyForDeploymentPostprocessing = 0;
		};
/* End PBXResourcesBuildPhase section */

/* Begin PBXSourcesBuildPhase section */
		EDA086E42A87EECF00B439E2 /* Sources */ = {
			isa = PBXSourcesBuildPhase;
			buildActionMask = 2147483647;
			files = (
				EDA086EE2A87EECF00B439E2 /* ContentView.swift in Sources */,
				ED1818CC2A91AD6C006152F4 /* MapView.swift in Sources */,
				EDA086EC2A87EECF00B439E2 /* landmarksApp.swift in Sources */,
				ED8746232AA4E00C00B172D8 /* FavoriteButton.swift in Sources */,
				EDC474412A9D7A8E002B3D41 /* LandmarkList.swift in Sources */,
				EDC474432A9D80BD002B3D41 /* LandmarkDetail.swift in Sources */,
				ED1818CA2A91ACC1006152F4 /* CircleImage.swift in Sources */,
				EDC474342A9D6223002B3D41 /* Landmark.swift in Sources */,
				EDC4743D2A9D7563002B3D41 /* LandmarkRow.swift in Sources */,
				EDC474362A9D71FE002B3D41 /* ModelData.swift in Sources */,
			);
			runOnlyForDeploymentPostprocessing = 0;
		};
		EDA086F42A87EED000B439E2 /* Sources */ = {
			isa = PBXSourcesBuildPhase;
			buildActionMask = 2147483647;
			files = (
				EDA086FD2A87EED000B439E2 /* landmarksTests.swift in Sources */,
			);
			runOnlyForDeploymentPostprocessing = 0;
		};
		EDA086FE2A87EED000B439E2 /* Sources */ = {
			isa = PBXSourcesBuildPhase;
			buildActionMask = 2147483647;
			files = (
				EDA087092A87EED000B439E2 /* landmarksUITestsLaunchTests.swift in Sources */,
				EDA087072A87EED000B439E2 /* landmarksUITests.swift in Sources */,
			);
			runOnlyForDeploymentPostprocessing = 0;
		};
/* End PBXSourcesBuildPhase section */

/* Begin PBXTargetDependency section */
		EDA086FA2A87EED000B439E2 /* PBXTargetDependency */ = {
			isa = PBXTargetDependency;
			target = EDA086E72A87EECF00B439E2 /* landmarks */;
			targetProxy = EDA086F92A87EED000B439E2 /* PBXContainerItemProxy */;
		};
		EDA087042A87EED000B439E2 /* PBXTargetDependency */ = {
			isa = PBXTargetDependency;
			target = EDA086E72A87EECF00B439E2 /* landmarks */;
			targetProxy = EDA087032A87EED000B439E2 /* PBXContainerItemProxy */;
		};
/* End PBXTargetDependency section */

/* Begin XCBuildConfiguration section */
		EDA0870A2A87EED000B439E2 /* Debug */ = {
			isa = XCBuildConfiguration;
			buildSettings = {
				ALWAYS_SEARCH_USER_PATHS = NO;
				CLANG_ANALYZER_NONNULL = YES;
				CLANG_ANALYZER_NUMBER_OBJECT_CONVERSION = YES_AGGRESSIVE;
				CLANG_CXX_LANGUAGE_STANDARD = "gnu++20";
				CLANG_ENABLE_MODULES = YES;
				CLANG_ENABLE_OBJC_ARC = YES;
				CLANG_ENABLE_OBJC_WEAK = YES;
				CLANG_WARN_BLOCK_CAPTURE_AUTORELEASING = YES;
				CLANG_WARN_BOOL_CONVERSION = YES;
				CLANG_WARN_COMMA = YES;
				CLANG_WARN_CONSTANT_CONVERSION = YES;
				CLANG_WARN_DEPRECATED_OBJC_IMPLEMENTATIONS = YES;
				CLANG_WARN_DIRECT_OBJC_ISA_USAGE = YES_ERROR;
				CLANG_WARN_DOCUMENTATION_COMMENTS = YES;
				CLANG_WARN_EMPTY_BODY = YES;
				CLANG_WARN_ENUM_CONVERSION = YES;
				CLANG_WARN_INFINITE_RECURSION = YES;
				CLANG_WARN_INT_CONVERSION = YES;
				CLANG_WARN_NON_LITERAL_NULL_CONVERSION = YES;
				CLANG_WARN_OBJC_IMPLICIT_RETAIN_SELF = YES;
				CLANG_WARN_OBJC_LITERAL_CONVERSION = YES;
				CLANG_WARN_OBJC_ROOT_CLASS = YES_ERROR;
				CLANG_WARN_QUOTED_INCLUDE_IN_FRAMEWORK_HEADER = YES;
				CLANG_WARN_RANGE_LOOP_ANALYSIS = YES;
				CLANG_WARN_STRICT_PROTOTYPES = YES;
				CLANG_WARN_SUSPICIOUS_MOVE = YES;
				CLANG_WARN_UNGUARDED_AVAILABILITY = YES_AGGRESSIVE;
				CLANG_WARN_UNREACHABLE_CODE = YES;
				CLANG_WARN__DUPLICATE_METHOD_MATCH = YES;
				COPY_PHASE_STRIP = NO;
				DEBUG_INFORMATION_FORMAT = dwarf;
				ENABLE_STRICT_OBJC_MSGSEND = YES;
				ENABLE_TESTABILITY = YES;
				GCC_C_LANGUAGE_STANDARD = gnu11;
				GCC_DYNAMIC_NO_PIC = NO;
				GCC_NO_COMMON_BLOCKS = YES;
				GCC_OPTIMIZATION_LEVEL = 0;
				GCC_PREPROCESSOR_DEFINITIONS = (
					"DEBUG=1",
					"$(inherited)",
				);
				GCC_WARN_64_TO_32_BIT_CONVERSION = YES;
				GCC_WARN_ABOUT_RETURN_TYPE = YES_ERROR;
				GCC_WARN_UNDECLARED_SELECTOR = YES;
				GCC_WARN_UNINITIALIZED_AUTOS = YES_AGGRESSIVE;
				GCC_WARN_UNUSED_FUNCTION = YES;
				GCC_WARN_UNUSED_VARIABLE = YES;
				IPHONEOS_DEPLOYMENT_TARGET = 16.4;
				MTL_ENABLE_DEBUG_INFO = INCLUDE_SOURCE;
				MTL_FAST_MATH = YES;
				ONLY_ACTIVE_ARCH = YES;
				SDKROOT = iphoneos;
				SWIFT_ACTIVE_COMPILATION_CONDITIONS = DEBUG;
				SWIFT_OPTIMIZATION_LEVEL = "-Onone";
			};
			name = Debug;
		};
		EDA0870B2A87EED000B439E2 /* Release */ = {
			isa = XCBuildConfiguration;
			buildSettings = {
				ALWAYS_SEARCH_USER_PATHS = NO;
				CLANG_ANALYZER_NONNULL = YES;
				CLANG_ANALYZER_NUMBER_OBJECT_CONVERSION = YES_AGGRESSIVE;
				CLANG_CXX_LANGUAGE_STANDARD = "gnu++20";
				CLANG_ENABLE_MODULES = YES;
				CLANG_ENABLE_OBJC_ARC = YES;
				CLANG_ENABLE_OBJC_WEAK = YES;
				CLANG_WARN_BLOCK_CAPTURE_AUTORELEASING = YES;
				CLANG_WARN_BOOL_CONVERSION = YES;
				CLANG_WARN_COMMA = YES;
				CLANG_WARN_CONSTANT_CONVERSION = YES;
				CLANG_WARN_DEPRECATED_OBJC_IMPLEMENTATIONS = YES;
				CLANG_WARN_DIRECT_OBJC_ISA_USAGE = YES_ERROR;
				CLANG_WARN_DOCUMENTATION_COMMENTS = YES;
				CLANG_WARN_EMPTY_BODY = YES;
				CLANG_WARN_ENUM_CONVERSION = YES;
				CLANG_WARN_INFINITE_RECURSION = YES;
				CLANG_WARN_INT_CONVERSION = YES;
				CLANG_WARN_NON_LITERAL_NULL_CONVERSION = YES;
				CLANG_WARN_OBJC_IMPLICIT_RETAIN_SELF = YES;
				CLANG_WARN_OBJC_LITERAL_CONVERSION = YES;
				CLANG_WARN_OBJC_ROOT_CLASS = YES_ERROR;
				CLANG_WARN_QUOTED_INCLUDE_IN_FRAMEWORK_HEADER = YES;
				CLANG_WARN_RANGE_LOOP_ANALYSIS = YES;
				CLANG_WARN_STRICT_PROTOTYPES = YES;
				CLANG_WARN_SUSPICIOUS_MOVE = YES;
				CLANG_WARN_UNGUARDED_AVAILABILITY = YES_AGGRESSIVE;
				CLANG_WARN_UNREACHABLE_CODE = YES;
				CLANG_WARN__DUPLICATE_METHOD_MATCH = YES;
				COPY_PHASE_STRIP = NO;
				DEBUG_INFORMATION_FORMAT = "dwarf-with-dsym";
				ENABLE_NS_ASSERTIONS = NO;
				ENABLE_STRICT_OBJC_MSGSEND = YES;
				GCC_C_LANGUAGE_STANDARD = gnu11;
				GCC_NO_COMMON_BLOCKS = YES;
				GCC_WARN_64_TO_32_BIT_CONVERSION = YES;
				GCC_WARN_ABOUT_RETURN_TYPE = YES_ERROR;
				GCC_WARN_UNDECLARED_SELECTOR = YES;
				GCC_WARN_UNINITIALIZED_AUTOS = YES_AGGRESSIVE;
				GCC_WARN_UNUSED_FUNCTION = YES;
				GCC_WARN_UNUSED_VARIABLE = YES;
				IPHONEOS_DEPLOYMENT_TARGET = 16.4;
				MTL_ENABLE_DEBUG_INFO = NO;
				MTL_FAST_MATH = YES;
				SDKROOT = iphoneos;
				SWIFT_COMPILATION_MODE = wholemodule;
				SWIFT_OPTIMIZATION_LEVEL = "-O";
				VALIDATE_PRODUCT = YES;
			};
			name = Release;
		};
		EDA0870D2A87EED000B439E2 /* Debug */ = {
			isa = XCBuildConfiguration;
			buildSettings = {
				ASSETCATALOG_COMPILER_APPICON_NAME = AppIcon;
				ASSETCATALOG_COMPILER_GLOBAL_ACCENT_COLOR_NAME = AccentColor;
				CODE_SIGN_STYLE = Automatic;
				CURRENT_PROJECT_VERSION = 1;
				DEVELOPMENT_ASSET_PATHS = "\"landmarks/Preview Content\"";
				DEVELOPMENT_TEAM = ZN3KC7RWS8;
				ENABLE_PREVIEWS = YES;
				GENERATE_INFOPLIST_FILE = YES;
				INFOPLIST_KEY_UIApplicationSceneManifest_Generation = YES;
				INFOPLIST_KEY_UIApplicationSupportsIndirectInputEvents = YES;
				INFOPLIST_KEY_UILaunchScreen_Generation = YES;
				INFOPLIST_KEY_UISupportedInterfaceOrientations_iPad = "UIInterfaceOrientationPortrait UIInterfaceOrientationPortraitUpsideDown UIInterfaceOrientationLandscapeLeft UIInterfaceOrientationLandscapeRight";
				INFOPLIST_KEY_UISupportedInterfaceOrientations_iPhone = "UIInterfaceOrientationPortrait UIInterfaceOrientationLandscapeLeft UIInterfaceOrientationLandscapeRight";
				LD_RUNPATH_SEARCH_PATHS = (
					"$(inherited)",
					"@executable_path/Frameworks",
				);
				MARKETING_VERSION = 1.0;
				PRODUCT_BUNDLE_IDENTIFIER = com.f7msoftware.landmarks;
				PRODUCT_NAME = "$(TARGET_NAME)";
				SWIFT_EMIT_LOC_STRINGS = YES;
				SWIFT_VERSION = 5.0;
				TARGETED_DEVICE_FAMILY = "1,2";
			};
			name = Debug;
		};
		EDA0870E2A87EED000B439E2 /* Release */ = {
			isa = XCBuildConfiguration;
			buildSettings = {
				ASSETCATALOG_COMPILER_APPICON_NAME = AppIcon;
				ASSETCATALOG_COMPILER_GLOBAL_ACCENT_COLOR_NAME = AccentColor;
				CODE_SIGN_STYLE = Automatic;
				CURRENT_PROJECT_VERSION = 1;
				DEVELOPMENT_ASSET_PATHS = "\"landmarks/Preview Content\"";
				DEVELOPMENT_TEAM = ZN3KC7RWS8;
				ENABLE_PREVIEWS = YES;
				GENERATE_INFOPLIST_FILE = YES;
				INFOPLIST_KEY_UIApplicationSceneManifest_Generation = YES;
				INFOPLIST_KEY_UIApplicationSupportsIndirectInputEvents = YES;
				INFOPLIST_KEY_UILaunchScreen_Generation = YES;
				INFOPLIST_KEY_UISupportedInterfaceOrientations_iPad = "UIInterfaceOrientationPortrait UIInterfaceOrientationPortraitUpsideDown UIInterfaceOrientationLandscapeLeft UIInterfaceOrientationLandscapeRight";
				INFOPLIST_KEY_UISupportedInterfaceOrientations_iPhone = "UIInterfaceOrientationPortrait UIInterfaceOrientationLandscapeLeft UIInterfaceOrientationLandscapeRight";
				LD_RUNPATH_SEARCH_PATHS = (
					"$(inherited)",
					"@executable_path/Frameworks",
				);
				MARKETING_VERSION = 1.0;
				PRODUCT_BUNDLE_IDENTIFIER = com.f7msoftware.landmarks;
				PRODUCT_NAME = "$(TARGET_NAME)";
				SWIFT_EMIT_LOC_STRINGS = YES;
				SWIFT_VERSION = 5.0;
				TARGETED_DEVICE_FAMILY = "1,2";
			};
			name = Release;
		};
		EDA087102A87EED000B439E2 /* Debug */ = {
			isa = XCBuildConfiguration;
			buildSettings = {
				ALWAYS_EMBED_SWIFT_STANDARD_LIBRARIES = YES;
				BUNDLE_LOADER = "$(TEST_HOST)";
				CODE_SIGN_STYLE = Automatic;
				CURRENT_PROJECT_VERSION = 1;
				DEVELOPMENT_TEAM = ZN3KC7RWS8;
				GENERATE_INFOPLIST_FILE = YES;
				IPHONEOS_DEPLOYMENT_TARGET = 16.4;
				MARKETING_VERSION = 1.0;
				PRODUCT_BUNDLE_IDENTIFIER = com.f7msoftware.landmarksTests;
				PRODUCT_NAME = "$(TARGET_NAME)";
				SWIFT_EMIT_LOC_STRINGS = NO;
				SWIFT_VERSION = 5.0;
				TARGETED_DEVICE_FAMILY = "1,2";
				TEST_HOST = "$(BUILT_PRODUCTS_DIR)/landmarks.app/$(BUNDLE_EXECUTABLE_FOLDER_PATH)/landmarks";
			};
			name = Debug;
		};
		EDA087112A87EED000B439E2 /* Release */ = {
			isa = XCBuildConfiguration;
			buildSettings = {
				ALWAYS_EMBED_SWIFT_STANDARD_LIBRARIES = YES;
				BUNDLE_LOADER = "$(TEST_HOST)";
				CODE_SIGN_STYLE = Automatic;
				CURRENT_PROJECT_VERSION = 1;
				DEVELOPMENT_TEAM = ZN3KC7RWS8;
				GENERATE_INFOPLIST_FILE = YES;
				IPHONEOS_DEPLOYMENT_TARGET = 16.4;
				MARKETING_VERSION = 1.0;
				PRODUCT_BUNDLE_IDENTIFIER = com.f7msoftware.landmarksTests;
				PRODUCT_NAME = "$(TARGET_NAME)";
				SWIFT_EMIT_LOC_STRINGS = NO;
				SWIFT_VERSION = 5.0;
				TARGETED_DEVICE_FAMILY = "1,2";
				TEST_HOST = "$(BUILT_PRODUCTS_DIR)/landmarks.app/$(BUNDLE_EXECUTABLE_FOLDER_PATH)/landmarks";
			};
			name = Release;
		};
		EDA087132A87EED000B439E2 /* Debug */ = {
			isa = XCBuildConfiguration;
			buildSettings = {
				ALWAYS_EMBED_SWIFT_STANDARD_LIBRARIES = YES;
				CODE_SIGN_STYLE = Automatic;
				CURRENT_PROJECT_VERSION = 1;
				DEVELOPMENT_TEAM = ZN3KC7RWS8;
				GENERATE_INFOPLIST_FILE = YES;
				MARKETING_VERSION = 1.0;
				PRODUCT_BUNDLE_IDENTIFIER = com.f7msoftware.landmarksUITests;
				PRODUCT_NAME = "$(TARGET_NAME)";
				SWIFT_EMIT_LOC_STRINGS = NO;
				SWIFT_VERSION = 5.0;
				TARGETED_DEVICE_FAMILY = "1,2";
				TEST_TARGET_NAME = landmarks;
			};
			name = Debug;
		};
		EDA087142A87EED000B439E2 /* Release */ = {
			isa = XCBuildConfiguration;
			buildSettings = {
				ALWAYS_EMBED_SWIFT_STANDARD_LIBRARIES = YES;
				CODE_SIGN_STYLE = Automatic;
				CURRENT_PROJECT_VERSION = 1;
				DEVELOPMENT_TEAM = ZN3KC7RWS8;
				GENERATE_INFOPLIST_FILE = YES;
				MARKETING_VERSION = 1.0;
				PRODUCT_BUNDLE_IDENTIFIER = com.f7msoftware.landmarksUITests;
				PRODUCT_NAME = "$(TARGET_NAME)";
				SWIFT_EMIT_LOC_STRINGS = NO;
				SWIFT_VERSION = 5.0;
				TARGETED_DEVICE_FAMILY = "1,2";
				TEST_TARGET_NAME = landmarks;
			};
			name = Release;
		};
/* End XCBuildConfiguration section */

/* Begin XCConfigurationList section */
		EDA086E32A87EECF00B439E2 /* Build configuration list for PBXProject "landmarks" */ = {
			isa = XCConfigurationList;
			buildConfigurations = (
				EDA0870A2A87EED000B439E2 /* Debug */,
				EDA0870B2A87EED000B439E2 /* Release */,
			);
			defaultConfigurationIsVisible = 0;
			defaultConfigurationName = Release;
		};
		EDA0870C2A87EED000B439E2 /* Build configuration list for PBXNativeTarget "landmarks" */ = {
			isa = XCConfigurationList;
			buildConfigurations = (
				EDA0870D2A87EED000B439E2 /* Debug */,
				EDA0870E2A87EED000B439E2 /* Release */,
			);
			defaultConfigurationIsVisible = 0;
			defaultConfigurationName = Release;
		};
		EDA0870F2A87EED000B439E2 /* Build configuration list for PBXNativeTarget "landmarksTests" */ = {
			isa = XCConfigurationList;
			buildConfigurations = (
				EDA087102A87EED000B439E2 /* Debug */,
				EDA087112A87EED000B439E2 /* Release */,
			);
			defaultConfigurationIsVisible = 0;
			defaultConfigurationName = Release;
		};
		EDA087122A87EED000B439E2 /* Build configuration list for PBXNativeTarget "landmarksUITests" */ = {
			isa = XCConfigurationList;
			buildConfigurations = (
				EDA087132A87EED000B439E2 /* Debug */,
				EDA087142A87EED000B439E2 /* Release */,
			);
			defaultConfigurationIsVisible = 0;
			defaultConfigurationName = Release;
		};
/* End XCConfigurationList section */
	};
	rootObject = EDA086E02A87EECF00B439E2 /* Project object */;
}
